<?xml version="1.0" encoding="utf-8"?>
<Project ToolsVersion="4.0" xmlns="http://schemas.microsoft.com/developer/msbuild/2003">
  <ItemGroup>
    <Filter Include="Source">
      <UniqueIdentifier>{00000001-0000-0000-0000-000000000000}</UniqueIdentifier>
    </Filter>
    <Filter Include="Source\chess">
      <UniqueIdentifier>{00000002-0000-0000-0000-000000000000}</UniqueIdentifier>
    </Filter>
    <Filter Include="Source\engine">
      <UniqueIdentifier>{00000003-0000-0000-0000-000000000000}</UniqueIdentifier>
    </Filter>
    <Filter Include="Source\platform">
      <UniqueIdentifier>{00000004-0000-0000-0000-000000000000}</UniqueIdentifier>
    </Filter>
    <Filter Include="Source\ui">
      <UniqueIdentifier>{00000005-0000-0000-0000-000000000000}</UniqueIdentifier>
    </Filter>
    <Filter Include="Source\vision">
      <UniqueIdentifier>{00000006-0000-0000-0000-000000000000}</UniqueIdentifier>
    </Filter>
    <Filter Include="third_party\imgui">
      <UniqueIdentifier>{00000007-0000-0000-0000-000000000000}</UniqueIdentifier>
    </Filter>
  </ItemGroup>
  <ItemGroup>
    <ClCompile Include="src\platform\Direct3D.cpp">
      <Filter>Source\platform</Filter>
    </ClCompile>
    <ClCompile Include="src\platform\FileHandler.cpp">
      <Filter>Source\platform</Filter>
    </ClCompile>
    <ClCompile Include="src\Globals.cpp">
      <Filter>Source</Filter>
    </ClCompile>
    <ClCompile Include="src\vision\InitialConfiguration.cpp">
      <Filter>Source\vision</Filter>
    </ClCompile>
    <ClCompile Include="src\ui\Menu.cpp">
      <Filter>Source\ui</Filter>
    </ClCompile>
    <ClCompile Include="third_party\imgui\imgui.cpp">
      <Filter>third_party\imgui</Filter>
    </ClCompile>
    <ClCompile Include="third_party\imgui\imgui_demo.cpp">
      <Filter>third_party\imgui</Filter>
    </ClCompile>
    <ClCompile Include="third_party\imgui\imgui_draw.cpp">
      <Filter>third_party\imgui</Filter>
    </ClCompile>
    <ClCompile Include="third_party\imgui\imgui_impl_dx11.cpp">
      <Filter>third_party\imgui</Filter>
    </ClCompile>
    <ClCompile Include="third_party\imgui\imgui_impl_win32.cpp">
      <Filter>third_party\imgui</Filter>
    </ClCompile>
    <ClCompile Include="third_party\imgui\imgui_tables.cpp">
      <Filter>third_party\imgui</Filter>
    </ClCompile>
    <ClCompile Include="third_party\imgui\imgui_widgets.cpp">
      <Filter>third_party\imgui</Filter>
    </ClCompile>
    <ClCompile Include="src\main.cpp">
      <Filter>Source</Filter>
    </ClCompile>
    <ClCompile Include="src\platform\Overlay.cpp">
      <Filter>Source\platform</Filter>
    </ClCompile>
    <ClCompile Include="src\engine\StockfishHandler.cpp">
      <Filter>Source\engine</Filter>
    </ClCompile>
    <ClCompile Include="src\platform\Utils.cpp">
      <Filter>Source\platform</Filter>
    </ClCompile>
    <ClCompile Include="src\vision\BoardDetection.cpp">
      <Filter>Source\vision</Filter>
    </ClCompile>
    <ClCompile Include="src\chess\ChessRules.cpp">
      <Filter>Source\chess</Filter>
    </ClCompile>
    <ClCompile Include="src\chess\GameTracker.cpp">
      <Filter>Source\chess</Filter>
    </ClCompile>
    <ClCompile Include="src\vision\ChessboardDetection.cpp">
      <Filter>Source\vision</Filter>
    </ClCompile>
  </ItemGroup>
  <ItemGroup>
    <ClInclude Include="src\platform\Direct3D.h">
      <Filter>Source\platform</Filter>
    </ClInclude>
    <ClInclude Include="src\platform\FileHandler.h">
      <Filter>Source\platform</Filter>
    </ClInclude>
    <ClInclude Include="src\Globals.h">
      <Filter>Source</Filter>
    </ClInclude>
    <ClInclude Include="src\vision\InitialConfiguration.h">
      <Filter>Source\vision</Filter>
    </ClInclude>
    <ClInclude Include="src\ui\Menu.h">
      <Filter>Source\ui</Filter>
    </ClInclude>
    <ClInclude Include="third_party\imgui\imconfig.h">
      <Filter>third_party\imgui</Filter>
    </ClInclude>
    <ClInclude Include="third_party\imgui\imgui.h">
      <Filter>third_party\imgui</Filter>
    </ClInclude>
    <ClInclude Include="third_party\imgui\imgui_impl_dx11.h">
      <Filter>third_party\imgui</Filter>
    </ClInclude>
    <ClInclude Include="third_party\imgui\imgui_impl_win32.h">
      <Filter>third_party\imgui</Filter>
    </ClInclude>
    <ClInclude Include="third_party\imgui\imgui_internal.h">
      <Filter>third_party\imgui</Filter>
    </ClInclude>
    <ClInclude Include="third_party\imgui\imstb_rectpack.h">
      <Filter>third_party\imgui</Filter>
    </ClInclude>
    <ClInclude Include="third_party\imgui\imstb_textedit.h">
      <Filter>third_party\imgui</Filter>
    </ClInclude>
    <ClInclude Include="third_party\imgui\imstb_truetype.h">
      <Filter>third_party\imgui</Filter>
    </ClInclude>
    <ClInclude Include="src\platform\Overlay.h">
      <Filter>Source\platform</Filter>
    </ClInclude>
    <ClInclude Include="src\engine\StockfishHandler.h">
      <Filter>Source\engine</Filter>
    </ClInclude>
    <ClInclude Include="src\Structs.h">
      <Filter>Source</Filter>
    </ClInclude>
    <ClInclude Include="src\platform\Utils.h">
      <Filter>Source\platform</Filter>
    </ClInclude>
    <ClInclude Include="src\vision\BoardDetection.h">
      <Filter>Source\vision</Filter>
    </ClInclude>
    <ClInclude Include="src\chess\ChessRules.h">
      <Filter>Source\chess</Filter>
    </ClInclude>
    <ClInclude Include="src\chess\GameTracker.h">
      <Filter>Source\chess</Filter>
    </ClInclude>
    <ClInclude Include="src\vision\ChessboardDetection.h">
      <Filter>Source\vision</Filter>
    </ClInclude>
  </ItemGroup>
</Project>
