
Microsoft Visual Studio Solution File, Format Version 12.00
# Visual Studio Version 17
VisualStudioVersion = 17.14.36414.22 d17.14
MinimumVisualStudioVersion = 10.0.40219.1
Project("{8BC9CEB8-8B4A-11D0-8D11-00A0C91BC942}") = "Oracle", "Oracle.vcxproj", "{50125BD3-EC14-49FC-9A64-486D6FD55803}"
EndProject
Global
	GlobalSection(SolutionConfigurationPlatforms) = preSolution
		Debug|x64 = Debug|x64
		Debug|x86 = Debug|x86
		Release|x64 = Release|x64
		Release|x86 = Release|x86
	EndGlobalSection
	GlobalSection(ProjectConfigurationPlatforms) = postSolution
		{50125BD3-EC14-49FC-9A64-486D6FD55803}.Debug|x64.ActiveCfg = Debug|x64
		{50125BD3-EC14-49FC-9A64-486D6FD55803}.Debug|x64.Build.0 = Debug|x64
		{50125BD3-EC14-49FC-9A64-486D6FD55803}.Debug|x86.ActiveCfg = Debug|Win32
		{50125BD3-EC14-49FC-9A64-486D6FD55803}.Debug|x86.Build.0 = Debug|Win32
		{50125BD3-EC14-49FC-9A64-486D6FD55803}.Release|x64.ActiveCfg = Release|x64
		{50125BD3-EC14-49FC-9A64-486D6FD55803}.Release|x64.Build.0 = Release|x64
		{50125BD3-EC14-49FC-9A64-486D6FD55803}.Release|x86.ActiveCfg = Release|Win32
		{50125BD3-EC14-49FC-9A64-486D6FD55803}.Release|x86.Build.0 = Release|Win32
	EndGlobalSection
	GlobalSection(SolutionProperties) = preSolution
		HideSolutionNode = FALSE
	EndGlobalSection
	GlobalSection(ExtensibilityGlobals) = postSolution
		SolutionGuid = {20895F14-2160-4CA1-A13B-9FC3974ED2A4}
	EndGlobalSection
EndGlobal
